
Microsoft Visual Studio Solution File, Format Version 12.00
# Visual Studio Version 16
VisualStudioVersion = 16.0.30503.244
MinimumVisualStudioVersion = 10.0.40219.1
Project("{FAE04EC0-301F-11D3-BF4B-00C04F79EFBC}") = "Assign4_Sasha_Srinivas_n01458354", "Assign3_Sasha_Srinivas_n01458354\Assign4_Sasha_Srinivas_n01458354.csproj", "{13D94650-1CCB-434A-9DEF-D8C05CDC543E}"
EndProject
Global
	GlobalSection(SolutionConfigurationPlatforms) = preSolution
		Debug|Any CPU = Debug|Any CPU
		Release|Any CPU = Release|Any CPU
	EndGlobalSection
	GlobalSection(ProjectConfigurationPlatforms) = postSolution
		{13D94650-1CCB-434A-9DEF-D8C05CDC543E}.Debug|Any CPU.ActiveCfg = Debug|Any CPU
		{13D94650-1CCB-434A-9DEF-D8C05CDC543E}.Debug|Any CPU.Build.0 = Debug|Any CPU
		{13D94650-1CCB-434A-9DEF-D8C05CDC543E}.Release|Any CPU.ActiveCfg = Release|Any CPU
		{13D94650-1CCB-434A-9DEF-D8C05CDC543E}.Release|Any CPU.Build.0 = Release|Any CPU
	EndGlobalSection
	GlobalSection(SolutionProperties) = preSolution
		HideSolutionNode = FALSE
	EndGlobalSection
	GlobalSection(ExtensibilityGlobals) = postSolution
		SolutionGuid = {AF0D496A-5DA4-4FD1-93D1-102A692A5D10}
	EndGlobalSection
EndGlobal
